// !$*UTF8*$!
{
	archiveVersion = 1;
	classes = {
	};
	objectVersion = 50;
	objects = {

/* Begin PBXBuildFile section */
		649A160224A70578007BE881 /* AppDelegate.swift in Sources */ = {isa = PBXBuildFile; fileRef = 649A160124A70578007BE881 /* AppDelegate.swift */; };
		649A160424A70578007BE881 /* SceneDelegate.swift in Sources */ = {isa = PBXBuildFile; fileRef = 649A160324A70578007BE881 /* SceneDelegate.swift */; };
		649A160624A70578007BE881 /* ViewController.swift in Sources */ = {isa = PBXBuildFile; fileRef = 649A160524A70578007BE881 /* ViewController.swift */; };
		649A160924A70578007BE881 /* Main.storyboard in Resources */ = {isa = PBXBuildFile; fileRef = 649A160724A70578007BE881 /* Main.storyboard */; };
		649A160B24A7057B007BE881 /* Assets.xcassets in Resources */ = {isa = PBXBuildFile; fileRef = 649A160A24A7057B007BE881 /* Assets.xcassets */; };
		649A160E24A7057B007BE881 /* LaunchScreen.storyboard in Resources */ = {isa = PBXBuildFile; fileRef = 649A160C24A7057B007BE881 /* LaunchScreen.storyboard */; };
		649A161924A7057B007BE881 /* PoserAppTests.swift in Sources */ = {isa = PBXBuildFile; fileRef = 649A161824A7057B007BE881 /* PoserAppTests.swift */; };
		649A162424A7057B007BE881 /* PoserAppUITests.swift in Sources */ = {isa = PBXBuildFile; fileRef = 649A162324A7057B007BE881 /* PoserAppUITests.swift */; };
/* End PBXBuildFile section */

/* Begin PBXContainerItemProxy section */
		649A161524A7057B007BE881 /* PBXContainerItemProxy */ = {
			isa = PBXContainerItemProxy;
			containerPortal = 649A15F624A70578007BE881 /* Project object */;
			proxyType = 1;
			remoteGlobalIDString = 649A15FD24A70578007BE881;
			remoteInfo = PoserApp;
		};
		649A162024A7057B007BE881 /* PBXContainerItemProxy */ = {
			isa = PBXContainerItemProxy;
			containerPortal = 649A15F624A70578007BE881 /* Project object */;
			proxyType = 1;
			remoteGlobalIDString = 649A15FD24A70578007BE881;
			remoteInfo = PoserApp;
		};
/* End PBXContainerItemProxy section */

/* Begin PBXFileReference section */
		649A15FE24A70578007BE881 /* PoserApp.app */ = {isa = PBXFileReference; explicitFileType = wrapper.application; includeInIndex = 0; path = PoserApp.app; sourceTree = BUILT_PRODUCTS_DIR; };
		649A160124A70578007BE881 /* AppDelegate.swift */ = {isa = PBXFileReference; lastKnownFileType = sourcecode.swift; path = AppDelegate.swift; sourceTree = "<group>"; };
		649A160324A70578007BE881 /* SceneDelegate.swift */ = {isa = PBXFileReference; lastKnownFileType = sourcecode.swift; path = SceneDelegate.swift; sourceTree = "<group>"; };
		649A160524A70578007BE881 /* ViewController.swift */ = {isa = PBXFileReference; lastKnownFileType = sourcecode.swift; path = ViewController.swift; sourceTree = "<group>"; };
		649A160824A70578007BE881 /* Base */ = {isa = PBXFileReference; lastKnownFileType = file.storyboard; name = Base; path = Base.lproj/Main.storyboard; sourceTree = "<group>"; };
		649A160A24A7057B007BE881 /* Assets.xcassets */ = {isa = PBXFileReference; lastKnownFileType = folder.assetcatalog; path = Assets.xcassets; sourceTree = "<group>"; };
		649A160D24A7057B007BE881 /* Base */ = {isa = PBXFileReference; lastKnownFileType = file.storyboard; name = Base; path = Base.lproj/LaunchScreen.storyboard; sourceTree = "<group>"; };
		649A160F24A7057B007BE881 /* Info.plist */ = {isa = PBXFileReference; lastKnownFileType = text.plist.xml; path = Info.plist; sourceTree = "<group>"; };
		649A161424A7057B007BE881 /* PoserAppTests.xctest */ = {isa = PBXFileReference; explicitFileType = wrapper.cfbundle; includeInIndex = 0; path = PoserAppTests.xctest; sourceTree = BUILT_PRODUCTS_DIR; };
		649A161824A7057B007BE881 /* PoserAppTests.swift */ = {isa = PBXFileReference; lastKnownFileType = sourcecode.swift; path = PoserAppTests.swift; sourceTree = "<group>"; };
		649A161A24A7057B007BE881 /* Info.plist */ = {isa = PBXFileReference; lastKnownFileType = text.plist.xml; path = Info.plist; sourceTree = "<group>"; };
		649A161F24A7057B007BE881 /* PoserAppUITests.xctest */ = {isa = PBXFileReference; explicitFileType = wrapper.cfbundle; includeInIndex = 0; path = PoserAppUITests.xctest; sourceTree = BUILT_PRODUCTS_DIR; };
		649A162324A7057B007BE881 /* PoserAppUITests.swift */ = {isa = PBXFileReference; lastKnownFileType = sourcecode.swift; path = PoserAppUITests.swift; sourceTree = "<group>"; };
		649A162524A7057B007BE881 /* Info.plist */ = {isa = PBXFileReference; lastKnownFileType = text.plist.xml; path = Info.plist; sourceTree = "<group>"; };
/* End PBXFileReference section */

/* Begin PBXFrameworksBuildPhase section */
		649A15FB24A70578007BE881 /* Frameworks */ = {
			isa = PBXFrameworksBuildPhase;
			buildActionMask = 2147483647;
			files = (
			);
			runOnlyForDeploymentPostprocessing = 0;
		};
		649A161124A7057B007BE881 /* Frameworks */ = {
			isa = PBXFrameworksBuildPhase;
			buildActionMask = 2147483647;
			files = (
			);
			runOnlyForDeploymentPostprocessing = 0;
		};
		649A161C24A7057B007BE881 /* Frameworks */ = {
			isa = PBXFrameworksBuildPhase;
			buildActionMask = 2147483647;
			files = (
			);
			runOnlyForDeploymentPostprocessing = 0;
		};
/* End PBXFrameworksBuildPhase section */

/* Begin PBXGroup section */
		649A15F524A70578007BE881 = {
			isa = PBXGroup;
			children = (
				649A160024A70578007BE881 /* PoserApp */,
				649A161724A7057B007BE881 /* PoserAppTests */,
				649A162224A7057B007BE881 /* PoserAppUITests */,
				649A15FF24A70578007BE881 /* Products */,
			);
			sourceTree = "<group>";
		};
		649A15FF24A70578007BE881 /* Products */ = {
			isa = PBXGroup;
			children = (
				649A15FE24A70578007BE881 /* PoserApp.app */,
				649A161424A7057B007BE881 /* PoserAppTests.xctest */,
				649A161F24A7057B007BE881 /* PoserAppUITests.xctest */,
			);
			name = Products;
			sourceTree = "<group>";
		};
		649A160024A70578007BE881 /* PoserApp */ = {
			isa = PBXGroup;
			children = (
				649A160124A70578007BE881 /* AppDelegate.swift */,
				649A160324A70578007BE881 /* SceneDelegate.swift */,
				649A160524A70578007BE881 /* ViewController.swift */,
				649A160724A70578007BE881 /* Main.storyboard */,
				649A160A24A7057B007BE881 /* Assets.xcassets */,
				649A160C24A7057B007BE881 /* LaunchScreen.storyboard */,
				649A160F24A7057B007BE881 /* Info.plist */,
			);
			path = PoserApp;
			sourceTree = "<group>";
		};
		649A161724A7057B007BE881 /* PoserAppTests */ = {
			isa = PBXGroup;
			children = (
				649A161824A7057B007BE881 /* PoserAppTests.swift */,
				649A161A24A7057B007BE881 /* Info.plist */,
			);
			path = PoserAppTests;
			sourceTree = "<group>";
		};
		649A162224A7057B007BE881 /* PoserAppUITests */ = {
			isa = PBXGroup;
			children = (
				649A162324A7057B007BE881 /* PoserAppUITests.swift */,
				649A162524A7057B007BE881 /* Info.plist */,
			);
			path = PoserAppUITests;
			sourceTree = "<group>";
		};
/* End PBXGroup section */

/* Begin PBXNativeTarget section */
		649A15FD24A70578007BE881 /* PoserApp */ = {
			isa = PBXNativeTarget;
			buildConfigurationList = 649A162824A7057B007BE881 /* Build configuration list for PBXNativeTarget "PoserApp" */;
			buildPhases = (
				649A15FA24A70578007BE881 /* Sources */,
				649A15FB24A70578007BE881 /* Frameworks */,
				649A15FC24A70578007BE881 /* Resources */,
			);
			buildRules = (
			);
			dependencies = (
			);
			name = PoserApp;
			productName = PoserApp;
			productReference = 649A15FE24A70578007BE881 /* PoserApp.app */;
			productType = "com.apple.product-type.application";
		};
		649A161324A7057B007BE881 /* PoserAppTests */ = {
			isa = PBXNativeTarget;
			buildConfigurationList = 649A162B24A7057B007BE881 /* Build configuration list for PBXNativeTarget "PoserAppTests" */;
			buildPhases = (
				649A161024A7057B007BE881 /* Sources */,
				649A161124A7057B007BE881 /* Frameworks */,
				649A161224A7057B007BE881 /* Resources */,
			);
			buildRules = (
			);
			dependencies = (
				649A161624A7057B007BE881 /* PBXTargetDependency */,
			);
			name = PoserAppTests;
			productName = PoserAppTests;
			productReference = 649A161424A7057B007BE881 /* PoserAppTests.xctest */;
			productType = "com.apple.product-type.bundle.unit-test";
		};
		649A161E24A7057B007BE881 /* PoserAppUITests */ = {
			isa = PBXNativeTarget;
			buildConfigurationList = 649A162E24A7057B007BE881 /* Build configuration list for PBXNativeTarget "PoserAppUITests" */;
			buildPhases = (
				649A161B24A7057B007BE881 /* Sources */,
				649A161C24A7057B007BE881 /* Frameworks */,
				649A161D24A7057B007BE881 /* Resources */,
			);
			buildRules = (
			);
			dependencies = (
				649A162124A7057B007BE881 /* PBXTargetDependency */,
			);
			name = PoserAppUITests;
			productName = PoserAppUITests;
			productReference = 649A161F24A7057B007BE881 /* PoserAppUITests.xctest */;
			productType = "com.apple.product-type.bundle.ui-testing";
		};
/* End PBXNativeTarget section */

/* Begin PBXProject section */
		649A15F624A70578007BE881 /* Project object */ = {
			isa = PBXProject;
			attributes = {
				LastSwiftUpdateCheck = 1150;
				LastUpgradeCheck = 1150;
				ORGANIZATIONNAME = LogosEros;
				TargetAttributes = {
					649A15FD24A70578007BE881 = {
						CreatedOnToolsVersion = 11.5;
					};
					649A161324A7057B007BE881 = {
						CreatedOnToolsVersion = 11.5;
						TestTargetID = 649A15FD24A70578007BE881;
					};
					649A161E24A7057B007BE881 = {
						CreatedOnToolsVersion = 11.5;
						TestTargetID = 649A15FD24A70578007BE881;
					};
				};
			};
			buildConfigurationList = 649A15F924A70578007BE881 /* Build configuration list for PBXProject "PoserApp" */;
			compatibilityVersion = "Xcode 9.3";
			developmentRegion = en;
			hasScannedForEncodings = 0;
			knownRegions = (
				en,
				Base,
			);
			mainGroup = 649A15F524A70578007BE881;
			productRefGroup = 649A15FF24A70578007BE881 /* Products */;
			projectDirPath = "";
			projectRoot = "";
			targets = (
				649A15FD24A70578007BE881 /* PoserApp */,
				649A161324A7057B007BE881 /* PoserAppTests */,
				649A161E24A7057B007BE881 /* PoserAppUITests */,
			);
		};
/* End PBXProject section */

/* Begin PBXResourcesBuildPhase section */
		649A15FC24A70578007BE881 /* Resources */ = {
			isa = PBXResourcesBuildPhase;
			buildActionMask = 2147483647;
			files = (
				649A160E24A7057B007BE881 /* LaunchScreen.storyboard in Resources */,
				649A160B24A7057B007BE881 /* Assets.xcassets in Resources */,
				649A160924A70578007BE881 /* Main.storyboard in Resources */,
			);
			runOnlyForDeploymentPostprocessing = 0;
		};
		649A161224A7057B007BE881 /* Resources */ = {
			isa = PBXResourcesBuildPhase;
			buildActionMask = 2147483647;
			files = (
			);
			runOnlyForDeploymentPostprocessing = 0;
		};
		649A161D24A7057B007BE881 /* Resources */ = {
			isa = PBXResourcesBuildPhase;
			buildActionMask = 2147483647;
			files = (
			);
			runOnlyForDeploymentPostprocessing = 0;
		};
/* End PBXResourcesBuildPhase section */

/* Begin PBXSourcesBuildPhase section */
		649A15FA24A70578007BE881 /* Sources */ = {
			isa = PBXSourcesBuildPhase;
			buildActionMask = 2147483647;
			files = (
				649A160624A70578007BE881 /* ViewController.swift in Sources */,
				649A160224A70578007BE881 /* AppDelegate.swift in Sources */,
				649A160424A70578007BE881 /* SceneDelegate.swift in Sources */,
			);
			runOnlyForDeploymentPostprocessing = 0;
		};
		649A161024A7057B007BE881 /* Sources */ = {
			isa = PBXSourcesBuildPhase;
			buildActionMask = 2147483647;
			files = (
				649A161924A7057B007BE881 /* PoserAppTests.swift in Sources */,
			);
			runOnlyForDeploymentPostprocessing = 0;
		};
		649A161B24A7057B007BE881 /* Sources */ = {
			isa = PBXSourcesBuildPhase;
			buildActionMask = 2147483647;
			files = (
				649A162424A7057B007BE881 /* PoserAppUITests.swift in Sources */,
			);
			runOnlyForDeploymentPostprocessing = 0;
		};
/* End PBXSourcesBuildPhase section */

/* Begin PBXTargetDependency section */
		649A161624A7057B007BE881 /* PBXTargetDependency */ = {
			isa = PBXTargetDependency;
			target = 649A15FD24A70578007BE881 /* PoserApp */;
			targetProxy = 649A161524A7057B007BE881 /* PBXContainerItemProxy */;
		};
		649A162124A7057B007BE881 /* PBXTargetDependency */ = {
			isa = PBXTargetDependency;
			target = 649A15FD24A70578007BE881 /* PoserApp */;
			targetProxy = 649A162024A7057B007BE881 /* PBXContainerItemProxy */;
		};
/* End PBXTargetDependency section */

/* Begin PBXVariantGroup section */
		649A160724A70578007BE881 /* Main.storyboard */ = {
			isa = PBXVariantGroup;
			children = (
				649A160824A70578007BE881 /* Base */,
			);
			name = Main.storyboard;
			sourceTree = "<group>";
		};
		649A160C24A7057B007BE881 /* LaunchScreen.storyboard */ = {
			isa = PBXVariantGroup;
			children = (
				649A160D24A7057B007BE881 /* Base */,
			);
			name = LaunchScreen.storyboard;
			sourceTree = "<group>";
		};
/* End PBXVariantGroup section */

/* Begin XCBuildConfiguration section */
		649A162624A7057B007BE881 /* Debug */ = {
			isa = XCBuildConfiguration;
			buildSettings = {
				ALWAYS_SEARCH_USER_PATHS = NO;
				CLANG_ANALYZER_NONNULL = YES;
				CLANG_ANALYZER_NUMBER_OBJECT_CONVERSION = YES_AGGRESSIVE;
				CLANG_CXX_LANGUAGE_STANDARD = "gnu++14";
				CLANG_CXX_LIBRARY = "libc++";
				CLANG_ENABLE_MODULES = YES;
				CLANG_ENABLE_OBJC_ARC = YES;
				CLANG_ENABLE_OBJC_WEAK = YES;
				CLANG_WARN_BLOCK_CAPTURE_AUTORELEASING = YES;
				CLANG_WARN_BOOL_CONVERSION = YES;
				CLANG_WARN_COMMA = YES;
				CLANG_WARN_CONSTANT_CONVERSION = YES;
				CLANG_WARN_DEPRECATED_OBJC_IMPLEMENTATIONS = YES;
				CLANG_WARN_DIRECT_OBJC_ISA_USAGE = YES_ERROR;
				CLANG_WARN_DOCUMENTATION_COMMENTS = YES;
				CLANG_WARN_EMPTY_BODY = YES;
				CLANG_WARN_ENUM_CONVERSION = YES;
				CLANG_WARN_INFINITE_RECURSION = YES;
				CLANG_WARN_INT_CONVERSION = YES;
				CLANG_WARN_NON_LITERAL_NULL_CONVERSION = YES;
				CLANG_WARN_OBJC_IMPLICIT_RETAIN_SELF = YES;
				CLANG_WARN_OBJC_LITERAL_CONVERSION = YES;
				CLANG_WARN_OBJC_ROOT_CLASS = YES_ERROR;
				CLANG_WARN_RANGE_LOOP_ANALYSIS = YES;
				CLANG_WARN_STRICT_PROTOTYPES = YES;
				CLANG_WARN_SUSPICIOUS_MOVE = YES;
				CLANG_WARN_UNGUARDED_AVAILABILITY = YES_AGGRESSIVE;
				CLANG_WARN_UNREACHABLE_CODE = YES;
				CLANG_WARN__DUPLICATE_METHOD_MATCH = YES;
				COPY_PHASE_STRIP = NO;
				DEBUG_INFORMATION_FORMAT = dwarf;
				ENABLE_STRICT_OBJC_MSGSEND = YES;
				ENABLE_TESTABILITY = YES;
				GCC_C_LANGUAGE_STANDARD = gnu11;
				GCC_DYNAMIC_NO_PIC = NO;
				GCC_NO_COMMON_BLOCKS = YES;
				GCC_OPTIMIZATION_LEVEL = 0;
				GCC_PREPROCESSOR_DEFINITIONS = (
					"DEBUG=1",
					"$(inherited)",
				);
				GCC_WARN_64_TO_32_BIT_CONVERSION = YES;
				GCC_WARN_ABOUT_RETURN_TYPE = YES_ERROR;
				GCC_WARN_UNDECLARED_SELECTOR = YES;
				GCC_WARN_UNINITIALIZED_AUTOS = YES_AGGRESSIVE;
				GCC_WARN_UNUSED_FUNCTION = YES;
				GCC_WARN_UNUSED_VARIABLE = YES;
				IPHONEOS_DEPLOYMENT_TARGET = 13.5;
				MTL_ENABLE_DEBUG_INFO = INCLUDE_SOURCE;
				MTL_FAST_MATH = YES;
				ONLY_ACTIVE_ARCH = YES;
				SDKROOT = iphoneos;
				SWIFT_ACTIVE_COMPILATION_CONDITIONS = DEBUG;
				SWIFT_OPTIMIZATION_LEVEL = "-Onone";
			};
			name = Debug;
		};
		649A162724A7057B007BE881 /* Release */ = {
			isa = XCBuildConfiguration;
			buildSettings = {
				ALWAYS_SEARCH_USER_PATHS = NO;
				CLANG_ANALYZER_NONNULL = YES;
				CLANG_ANALYZER_NUMBER_OBJECT_CONVERSION = YES_AGGRESSIVE;
				CLANG_CXX_LANGUAGE_STANDARD = "gnu++14";
				CLANG_CXX_LIBRARY = "libc++";
				CLANG_ENABLE_MODULES = YES;
				CLANG_ENABLE_OBJC_ARC = YES;
				CLANG_ENABLE_OBJC_WEAK = YES;
				CLANG_WARN_BLOCK_CAPTURE_AUTORELEASING = YES;
				CLANG_WARN_BOOL_CONVERSION = YES;
				CLANG_WARN_COMMA = YES;
				CLANG_WARN_CONSTANT_CONVERSION = YES;
				CLANG_WARN_DEPRECATED_OBJC_IMPLEMENTATIONS = YES;
				CLANG_WARN_DIRECT_OBJC_ISA_USAGE = YES_ERROR;
				CLANG_WARN_DOCUMENTATION_COMMENTS = YES;
				CLANG_WARN_EMPTY_BODY = YES;
				CLANG_WARN_ENUM_CONVERSION = YES;
				CLANG_WARN_INFINITE_RECURSION = YES;
				CLANG_WARN_INT_CONVERSION = YES;
				CLANG_WARN_NON_LITERAL_NULL_CONVERSION = YES;
				CLANG_WARN_OBJC_IMPLICIT_RETAIN_SELF = YES;
				CLANG_WARN_OBJC_LITERAL_CONVERSION = YES;
				CLANG_WARN_OBJC_ROOT_CLASS = YES_ERROR;
				CLANG_WARN_RANGE_LOOP_ANALYSIS = YES;
				CLANG_WARN_STRICT_PROTOTYPES = YES;
				CLANG_WARN_SUSPICIOUS_MOVE = YES;
				CLANG_WARN_UNGUARDED_AVAILABILITY = YES_AGGRESSIVE;
				CLANG_WARN_UNREACHABLE_CODE = YES;
				CLANG_WARN__DUPLICATE_METHOD_MATCH = YES;
				COPY_PHASE_STRIP = NO;
				DEBUG_INFORMATION_FORMAT = "dwarf-with-dsym";
				ENABLE_NS_ASSERTIONS = NO;
				ENABLE_STRICT_OBJC_MSGSEND = YES;
				GCC_C_LANGUAGE_STANDARD = gnu11;
				GCC_NO_COMMON_BLOCKS = YES;
				GCC_WARN_64_TO_32_BIT_CONVERSION = YES;
				GCC_WARN_ABOUT_RETURN_TYPE = YES_ERROR;
				GCC_WARN_UNDECLARED_SELECTOR = YES;
				GCC_WARN_UNINITIALIZED_AUTOS = YES_AGGRESSIVE;
				GCC_WARN_UNUSED_FUNCTION = YES;
				GCC_WARN_UNUSED_VARIABLE = YES;
				IPHONEOS_DEPLOYMENT_TARGET = 13.5;
				MTL_ENABLE_DEBUG_INFO = NO;
				MTL_FAST_MATH = YES;
				SDKROOT = iphoneos;
				SWIFT_COMPILATION_MODE = wholemodule;
				SWIFT_OPTIMIZATION_LEVEL = "-O";
				VALIDATE_PRODUCT = YES;
			};
			name = Release;
		};
		649A162924A7057B007BE881 /* Debug */ = {
			isa = XCBuildConfiguration;
			buildSettings = {
				ASSETCATALOG_COMPILER_APPICON_NAME = AppIcon;
				CODE_SIGN_STYLE = Automatic;
				DEVELOPMENT_TEAM = B8CV6AQMA8;
				INFOPLIST_FILE = PoserApp/Info.plist;
				LD_RUNPATH_SEARCH_PATHS = (
					"$(inherited)",
					"@executable_path/Frameworks",
				);
				PRODUCT_BUNDLE_IDENTIFIER = com.logoseros.PoserApp;
				PRODUCT_NAME = "$(TARGET_NAME)";
				SWIFT_VERSION = 5.0;
				TARGETED_DEVICE_FAMILY = "1,2";
			};
			name = Debug;
		};
		649A162A24A7057B007BE881 /* Release */ = {
			isa = XCBuildConfiguration;
			buildSettings = {
				ASSETCATALOG_COMPILER_APPICON_NAME = AppIcon;
				CODE_SIGN_STYLE = Automatic;
				DEVELOPMENT_TEAM = B8CV6AQMA8;
				INFOPLIST_FILE = PoserApp/Info.plist;
				LD_RUNPATH_SEARCH_PATHS = (
					"$(inherited)",
					"@executable_path/Frameworks",
				);
				PRODUCT_BUNDLE_IDENTIFIER = com.logoseros.PoserApp;
				PRODUCT_NAME = "$(TARGET_NAME)";
				SWIFT_VERSION = 5.0;
				TARGETED_DEVICE_FAMILY = "1,2";
			};
			name = Release;
		};
		649A162C24A7057B007BE881 /* Debug */ = {
			isa = XCBuildConfiguration;
			buildSettings = {
				ALWAYS_EMBED_SWIFT_STANDARD_LIBRARIES = YES;
				BUNDLE_LOADER = "$(TEST_HOST)";
				CODE_SIGN_STYLE = Automatic;
				DEVELOPMENT_TEAM = B8CV6AQMA8;
				INFOPLIST_FILE = PoserAppTests/Info.plist;
				IPHONEOS_DEPLOYMENT_TARGET = 13.5;
				LD_RUNPATH_SEARCH_PATHS = (
					"$(inherited)",
					"@executable_path/Frameworks",
					"@loader_path/Frameworks",
				);
				PRODUCT_BUNDLE_IDENTIFIER = com.logoseros.PoserAppTests;
				PRODUCT_NAME = "$(TARGET_NAME)";
				SWIFT_VERSION = 5.0;
				TARGETED_DEVICE_FAMILY = "1,2";
				TEST_HOST = "$(BUILT_PRODUCTS_DIR)/PoserApp.app/PoserApp";
			};
			name = Debug;
		};
		649A162D24A7057B007BE881 /* Release */ = {
			isa = XCBuildConfiguration;
			buildSettings = {
				ALWAYS_EMBED_SWIFT_STANDARD_LIBRARIES = YES;
				BUNDLE_LOADER = "$(TEST_HOST)";
				CODE_SIGN_STYLE = Automatic;
				DEVELOPMENT_TEAM = B8CV6AQMA8;
				INFOPLIST_FILE = PoserAppTests/Info.plist;
				IPHONEOS_DEPLOYMENT_TARGET = 13.5;
				LD_RUNPATH_SEARCH_PATHS = (
					"$(inherited)",
					"@executable_path/Frameworks",
					"@loader_path/Frameworks",
				);
				PRODUCT_BUNDLE_IDENTIFIER = com.logoseros.PoserAppTests;
				PRODUCT_NAME = "$(TARGET_NAME)";
				SWIFT_VERSION = 5.0;
				TARGETED_DEVICE_FAMILY = "1,2";
				TEST_HOST = "$(BUILT_PRODUCTS_DIR)/PoserApp.app/PoserApp";
			};
			name = Release;
		};
		649A162F24A7057B007BE881 /* Debug */ = {
			isa = XCBuildConfiguration;
			buildSettings = {
				ALWAYS_EMBED_SWIFT_STANDARD_LIBRARIES = YES;
				CODE_SIGN_STYLE = Automatic;
				DEVELOPMENT_TEAM = B8CV6AQMA8;
				INFOPLIST_FILE = PoserAppUITests/Info.plist;
				LD_RUNPATH_SEARCH_PATHS = (
					"$(inherited)",
					"@executable_path/Frameworks",
					"@loader_path/Frameworks",
				);
				PRODUCT_BUNDLE_IDENTIFIER = com.logoseros.PoserAppUITests;
				PRODUCT_NAME = "$(TARGET_NAME)";
				SWIFT_VERSION = 5.0;
				TARGETED_DEVICE_FAMILY = "1,2";
				TEST_TARGET_NAME = PoserApp;
			};
			name = Debug;
		};
		649A163024A7057B007BE881 /* Release */ = {
			isa = XCBuildConfiguration;
			buildSettings = {
				ALWAYS_EMBED_SWIFT_STANDARD_LIBRARIES = YES;
				CODE_SIGN_STYLE = Automatic;
				DEVELOPMENT_TEAM = B8CV6AQMA8;
				INFOPLIST_FILE = PoserAppUITests/Info.plist;
				LD_RUNPATH_SEARCH_PATHS = (
					"$(inherited)",
					"@executable_path/Frameworks",
					"@loader_path/Frameworks",
				);
				PRODUCT_BUNDLE_IDENTIFIER = com.logoseros.PoserAppUITests;
				PRODUCT_NAME = "$(TARGET_NAME)";
				SWIFT_VERSION = 5.0;
				TARGETED_DEVICE_FAMILY = "1,2";
				TEST_TARGET_NAME = PoserApp;
			};
			name = Release;
		};
/* End XCBuildConfiguration section */

/* Begin XCConfigurationList section */
		649A15F924A70578007BE881 /* Build configuration list for PBXProject "PoserApp" */ = {
			isa = XCConfigurationList;
			buildConfigurations = (
				649A162624A7057B007BE881 /* Debug */,
				649A162724A7057B007BE881 /* Release */,
			);
			defaultConfigurationIsVisible = 0;
			defaultConfigurationName = Release;
		};
		649A162824A7057B007BE881 /* Build configuration list for PBXNativeTarget "PoserApp" */ = {
			isa = XCConfigurationList;
			buildConfigurations = (
				649A162924A7057B007BE881 /* Debug */,
				649A162A24A7057B007BE881 /* Release */,
			);
			defaultConfigurationIsVisible = 0;
			defaultConfigurationName = Release;
		};
		649A162B24A7057B007BE881 /* Build configuration list for PBXNativeTarget "PoserAppTests" */ = {
			isa = XCConfigurationList;
			buildConfigurations = (
				649A162C24A7057B007BE881 /* Debug */,
				649A162D24A7057B007BE881 /* Release */,
			);
			defaultConfigurationIsVisible = 0;
			defaultConfigurationName = Release;
		};
		649A162E24A7057B007BE881 /* Build configuration list for PBXNativeTarget "PoserAppUITests" */ = {
			isa = XCConfigurationList;
			buildConfigurations = (
				649A162F24A7057B007BE881 /* Debug */,
				649A163024A7057B007BE881 /* Release */,
			);
			defaultConfigurationIsVisible = 0;
			defaultConfigurationName = Release;
		};
/* End XCConfigurationList section */
	};
	rootObject = 649A15F624A70578007BE881 /* Project object */;
}
